// !$*UTF8*$!
{
	archiveVersion = 1;
	classes = {
	};
	objectVersion = 77;
	objects = {

/* Begin PBXContainerItemProxy section */
		84BC86DC2CD003FA00FBDBE1 /* PBXContainerItemProxy */ = {
			isa = PBXContainerItemProxy;
			containerPortal = 84BC86C32CD003F900FBDBE1 /* Project object */;
			proxyType = 1;
			remoteGlobalIDString = 84BC86CA2CD003F900FBDBE1;
			remoteInfo = Recipe_App;
		};
		84BC86E62CD003FA00FBDBE1 /* PBXContainerItemProxy */ = {
			isa = PBXContainerItemProxy;
			containerPortal = 84BC86C32CD003F900FBDBE1 /* Project object */;
			proxyType = 1;
			remoteGlobalIDString = 84BC86CA2CD003F900FBDBE1;
			remoteInfo = Recipe_App;
		};
/* End PBXContainerItemProxy section */

/* Begin PBXFileReference section */
		84BC86CB2CD003F900FBDBE1 /* Recipe_App.app */ = {isa = PBXFileReference; explicitFileType = wrapper.application; includeInIndex = 0; path = Recipe_App.app; sourceTree = BUILT_PRODUCTS_DIR; };
		84BC86DB2CD003FA00FBDBE1 /* Recipe_AppTests.xctest */ = {isa = PBXFileReference; explicitFileType = wrapper.cfbundle; includeInIndex = 0; path = Recipe_AppTests.xctest; sourceTree = BUILT_PRODUCTS_DIR; };
		84BC86E52CD003FA00FBDBE1 /* Recipe_AppUITests.xctest */ = {isa = PBXFileReference; explicitFileType = wrapper.cfbundle; includeInIndex = 0; path = Recipe_AppUITests.xctest; sourceTree = BUILT_PRODUCTS_DIR; };
/* End PBXFileReference section */

/* Begin PBXFileSystemSynchronizedRootGroup section */
		84BC86CD2CD003F900FBDBE1 /* Recipe_App */ = {
			isa = PBXFileSystemSynchronizedRootGroup;
			path = Recipe_App;
			sourceTree = "<group>";
		};
		84BC86DE2CD003FA00FBDBE1 /* Recipe_AppTests */ = {
			isa = PBXFileSystemSynchronizedRootGroup;
			path = Recipe_AppTests;
			sourceTree = "<group>";
		};
		84BC86E82CD003FA00FBDBE1 /* Recipe_AppUITests */ = {
			isa = PBXFileSystemSynchronizedRootGroup;
			path = Recipe_AppUITests;
			sourceTree = "<group>";
		};
/* End PBXFileSystemSynchronizedRootGroup section */

/* Begin PBXFrameworksBuildPhase section */
		84BC86C82CD003F900FBDBE1 /* Frameworks */ = {
			isa = PBXFrameworksBuildPhase;
			buildActionMask = 2147483647;
			files = (
			);
			runOnlyForDeploymentPostprocessing = 0;
		};
		84BC86D82CD003FA00FBDBE1 /* Frameworks */ = {
			isa = PBXFrameworksBuildPhase;
			buildActionMask = 2147483647;
			files = (
			);
			runOnlyForDeploymentPostprocessing = 0;
		};
		84BC86E22CD003FA00FBDBE1 /* Frameworks */ = {
			isa = PBXFrameworksBuildPhase;
			buildActionMask = 2147483647;
			files = (
			);
			runOnlyForDeploymentPostprocessing = 0;
		};
/* End PBXFrameworksBuildPhase section */

/* Begin PBXGroup section */
		84BC86C22CD003F900FBDBE1 = {
			isa = PBXGroup;
			children = (
				84BC86CD2CD003F900FBDBE1 /* Recipe_App */,
				84BC86DE2CD003FA00FBDBE1 /* Recipe_AppTests */,
				84BC86E82CD003FA00FBDBE1 /* Recipe_AppUITests */,
				84BC86CC2CD003F900FBDBE1 /* Products */,
			);
			sourceTree = "<group>";
		};
		84BC86CC2CD003F900FBDBE1 /* Products */ = {
			isa = PBXGroup;
			children = (
				84BC86CB2CD003F900FBDBE1 /* Recipe_App.app */,
				84BC86DB2CD003FA00FBDBE1 /* Recipe_AppTests.xctest */,
				84BC86E52CD003FA00FBDBE1 /* Recipe_AppUITests.xctest */,
			);
			name = Products;
			sourceTree = "<group>";
		};
/* End PBXGroup section */

/* Begin PBXNativeTarget section */
		84BC86CA2CD003F900FBDBE1 /* Recipe_App */ = {
			isa = PBXNativeTarget;
			buildConfigurationList = 84BC86EF2CD003FA00FBDBE1 /* Build configuration list for PBXNativeTarget "Recipe_App" */;
			buildPhases = (
				84BC86C72CD003F900FBDBE1 /* Sources */,
				84BC86C82CD003F900FBDBE1 /* Frameworks */,
				84BC86C92CD003F900FBDBE1 /* Resources */,
			);
			buildRules = (
			);
			dependencies = (
			);
			fileSystemSynchronizedGroups = (
				84BC86CD2CD003F900FBDBE1 /* Recipe_App */,
			);
			name = Recipe_App;
			packageProductDependencies = (
			);
			productName = Recipe_App;
			productReference = 84BC86CB2CD003F900FBDBE1 /* Recipe_App.app */;
			productType = "com.apple.product-type.application";
		};
		84BC86DA2CD003FA00FBDBE1 /* Recipe_AppTests */ = {
			isa = PBXNativeTarget;
			buildConfigurationList = 84BC86F22CD003FA00FBDBE1 /* Build configuration list for PBXNativeTarget "Recipe_AppTests" */;
			buildPhases = (
				84BC86D72CD003FA00FBDBE1 /* Sources */,
				84BC86D82CD003FA00FBDBE1 /* Frameworks */,
				84BC86D92CD003FA00FBDBE1 /* Resources */,
			);
			buildRules = (
			);
			dependencies = (
				84BC86DD2CD003FA00FBDBE1 /* PBXTargetDependency */,
			);
			fileSystemSynchronizedGroups = (
				84BC86DE2CD003FA00FBDBE1 /* Recipe_AppTests */,
			);
			name = Recipe_AppTests;
			packageProductDependencies = (
			);
			productName = Recipe_AppTests;
			productReference = 84BC86DB2CD003FA00FBDBE1 /* Recipe_AppTests.xctest */;
			productType = "com.apple.product-type.bundle.unit-test";
		};
		84BC86E42CD003FA00FBDBE1 /* Recipe_AppUITests */ = {
			isa = PBXNativeTarget;
			buildConfigurationList = 84BC86F52CD003FA00FBDBE1 /* Build configuration list for PBXNativeTarget "Recipe_AppUITests" */;
			buildPhases = (
				84BC86E12CD003FA00FBDBE1 /* Sources */,
				84BC86E22CD003FA00FBDBE1 /* Frameworks */,
				84BC86E32CD003FA00FBDBE1 /* Resources */,
			);
			buildRules = (
			);
			dependencies = (
				84BC86E72CD003FA00FBDBE1 /* PBXTargetDependency */,
			);
			fileSystemSynchronizedGroups = (
				84BC86E82CD003FA00FBDBE1 /* Recipe_AppUITests */,
			);
			name = Recipe_AppUITests;
			packageProductDependencies = (
			);
			productName = Recipe_AppUITests;
			productReference = 84BC86E52CD003FA00FBDBE1 /* Recipe_AppUITests.xctest */;
			productType = "com.apple.product-type.bundle.ui-testing";
		};
/* End PBXNativeTarget section */

/* Begin PBXProject section */
		84BC86C32CD003F900FBDBE1 /* Project object */ = {
			isa = PBXProject;
			attributes = {
				BuildIndependentTargetsInParallel = 1;
				LastSwiftUpdateCheck = 1600;
				LastUpgradeCheck = 1600;
				TargetAttributes = {
					84BC86CA2CD003F900FBDBE1 = {
						CreatedOnToolsVersion = 16.0;
					};
					84BC86DA2CD003FA00FBDBE1 = {
						CreatedOnToolsVersion = 16.0;
						TestTargetID = 84BC86CA2CD003F900FBDBE1;
					};
					84BC86E42CD003FA00FBDBE1 = {
						CreatedOnToolsVersion = 16.0;
						TestTargetID = 84BC86CA2CD003F900FBDBE1;
					};
				};
			};
			buildConfigurationList = 84BC86C62CD003F900FBDBE1 /* Build configuration list for PBXProject "Recipe_App" */;
			developmentRegion = en;
			hasScannedForEncodings = 0;
			knownRegions = (
				en,
				Base,
			);
			mainGroup = 84BC86C22CD003F900FBDBE1;
			minimizedProjectReferenceProxies = 1;
			preferredProjectObjectVersion = 77;
			productRefGroup = 84BC86CC2CD003F900FBDBE1 /* Products */;
			projectDirPath = "";
			projectRoot = "";
			targets = (
				84BC86CA2CD003F900FBDBE1 /* Recipe_App */,
				84BC86DA2CD003FA00FBDBE1 /* Recipe_AppTests */,
				84BC86E42CD003FA00FBDBE1 /* Recipe_AppUITests */,
			);
		};
/* End PBXProject section */

/* Begin PBXResourcesBuildPhase section */
		84BC86C92CD003F900FBDBE1 /* Resources */ = {
			isa = PBXResourcesBuildPhase;
			buildActionMask = 2147483647;
			files = (
			);
			runOnlyForDeploymentPostprocessing = 0;
		};
		84BC86D92CD003FA00FBDBE1 /* Resources */ = {
			isa = PBXResourcesBuildPhase;
			buildActionMask = 2147483647;
			files = (
			);
			runOnlyForDeploymentPostprocessing = 0;
		};
		84BC86E32CD003FA00FBDBE1 /* Resources */ = {
			isa = PBXResourcesBuildPhase;
			buildActionMask = 2147483647;
			files = (
			);
			runOnlyForDeploymentPostprocessing = 0;
		};
/* End PBXResourcesBuildPhase section */

/* Begin PBXSourcesBuildPhase section */
		84BC86C72CD003F900FBDBE1 /* Sources */ = {
			isa = PBXSourcesBuildPhase;
			buildActionMask = 2147483647;
			files = (
			);
			runOnlyForDeploymentPostprocessing = 0;
		};
		84BC86D72CD003FA00FBDBE1 /* Sources */ = {
			isa = PBXSourcesBuildPhase;
			buildActionMask = 2147483647;
			files = (
			);
			runOnlyForDeploymentPostprocessing = 0;
		};
		84BC86E12CD003FA00FBDBE1 /* Sources */ = {
			isa = PBXSourcesBuildPhase;
			buildActionMask = 2147483647;
			files = (
			);
			runOnlyForDeploymentPostprocessing = 0;
		};
/* End PBXSourcesBuildPhase section */

/* Begin PBXTargetDependency section */
		84BC86DD2CD003FA00FBDBE1 /* PBXTargetDependency */ = {
			isa = PBXTargetDependency;
			target = 84BC86CA2CD003F900FBDBE1 /* Recipe_App */;
			targetProxy = 84BC86DC2CD003FA00FBDBE1 /* PBXContainerItemProxy */;
		};
		84BC86E72CD003FA00FBDBE1 /* PBXTargetDependency */ = {
			isa = PBXTargetDependency;
			target = 84BC86CA2CD003F900FBDBE1 /* Recipe_App */;
			targetProxy = 84BC86E62CD003FA00FBDBE1 /* PBXContainerItemProxy */;
		};
/* End PBXTargetDependency section */

/* Begin XCBuildConfiguration section */
		84BC86ED2CD003FA00FBDBE1 /* Debug */ = {
			isa = XCBuildConfiguration;
			buildSettings = {
				ALWAYS_SEARCH_USER_PATHS = NO;
				ASSETCATALOG_COMPILER_GENERATE_SWIFT_ASSET_SYMBOL_EXTENSIONS = YES;
				CLANG_ANALYZER_NONNULL = YES;
				CLANG_ANALYZER_NUMBER_OBJECT_CONVERSION = YES_AGGRESSIVE;
				CLANG_CXX_LANGUAGE_STANDARD = "gnu++20";
				CLANG_ENABLE_MODULES = YES;
				CLANG_ENABLE_OBJC_ARC = YES;
				CLANG_ENABLE_OBJC_WEAK = YES;
				CLANG_WARN_BLOCK_CAPTURE_AUTORELEASING = YES;
				CLANG_WARN_BOOL_CONVERSION = YES;
				CLANG_WARN_COMMA = YES;
				CLANG_WARN_CONSTANT_CONVERSION = YES;
				CLANG_WARN_DEPRECATED_OBJC_IMPLEMENTATIONS = YES;
				CLANG_WARN_DIRECT_OBJC_ISA_USAGE = YES_ERROR;
				CLANG_WARN_DOCUMENTATION_COMMENTS = YES;
				CLANG_WARN_EMPTY_BODY = YES;
				CLANG_WARN_ENUM_CONVERSION = YES;
				CLANG_WARN_INFINITE_RECURSION = YES;
				CLANG_WARN_INT_CONVERSION = YES;
				CLANG_WARN_NON_LITERAL_NULL_CONVERSION = YES;
				CLANG_WARN_OBJC_IMPLICIT_RETAIN_SELF = YES;
				CLANG_WARN_OBJC_LITERAL_CONVERSION = YES;
				CLANG_WARN_OBJC_ROOT_CLASS = YES_ERROR;
				CLANG_WARN_QUOTED_INCLUDE_IN_FRAMEWORK_HEADER = YES;
				CLANG_WARN_RANGE_LOOP_ANALYSIS = YES;
				CLANG_WARN_STRICT_PROTOTYPES = YES;
				CLANG_WARN_SUSPICIOUS_MOVE = YES;
				CLANG_WARN_UNGUARDED_AVAILABILITY = YES_AGGRESSIVE;
				CLANG_WARN_UNREACHABLE_CODE = YES;
				CLANG_WARN__DUPLICATE_METHOD_MATCH = YES;
				COPY_PHASE_STRIP = NO;
				DEBUG_INFORMATION_FORMAT = dwarf;
				ENABLE_STRICT_OBJC_MSGSEND = YES;
				ENABLE_TESTABILITY = YES;
				ENABLE_USER_SCRIPT_SANDBOXING = YES;
				GCC_C_LANGUAGE_STANDARD = gnu17;
				GCC_DYNAMIC_NO_PIC = NO;
				GCC_NO_COMMON_BLOCKS = YES;
				GCC_OPTIMIZATION_LEVEL = 0;
				GCC_PREPROCESSOR_DEFINITIONS = (
					"DEBUG=1",
					"$(inherited)",
				);
				GCC_WARN_64_TO_32_BIT_CONVERSION = YES;
				GCC_WARN_ABOUT_RETURN_TYPE = YES_ERROR;
				GCC_WARN_UNDECLARED_SELECTOR = YES;
				GCC_WARN_UNINITIALIZED_AUTOS = YES_AGGRESSIVE;
				GCC_WARN_UNUSED_FUNCTION = YES;
				GCC_WARN_UNUSED_VARIABLE = YES;
				IPHONEOS_DEPLOYMENT_TARGET = 18.0;
				LOCALIZATION_PREFERS_STRING_CATALOGS = YES;
				MTL_ENABLE_DEBUG_INFO = INCLUDE_SOURCE;
				MTL_FAST_MATH = YES;
				ONLY_ACTIVE_ARCH = YES;
				SDKROOT = iphoneos;
				SWIFT_ACTIVE_COMPILATION_CONDITIONS = "DEBUG $(inherited)";
				SWIFT_OPTIMIZATION_LEVEL = "-Onone";
			};
			name = Debug;
		};
		84BC86EE2CD003FA00FBDBE1 /* Release */ = {
			isa = XCBuildConfiguration;
			buildSettings = {
				ALWAYS_SEARCH_USER_PATHS = NO;
				ASSETCATALOG_COMPILER_GENERATE_SWIFT_ASSET_SYMBOL_EXTENSIONS = YES;
				CLANG_ANALYZER_NONNULL = YES;
				CLANG_ANALYZER_NUMBER_OBJECT_CONVERSION = YES_AGGRESSIVE;
				CLANG_CXX_LANGUAGE_STANDARD = "gnu++20";
				CLANG_ENABLE_MODULES = YES;
				CLANG_ENABLE_OBJC_ARC = YES;
				CLANG_ENABLE_OBJC_WEAK = YES;
				CLANG_WARN_BLOCK_CAPTURE_AUTORELEASING = YES;
				CLANG_WARN_BOOL_CONVERSION = YES;
				CLANG_WARN_COMMA = YES;
				CLANG_WARN_CONSTANT_CONVERSION = YES;
				CLANG_WARN_DEPRECATED_OBJC_IMPLEMENTATIONS = YES;
				CLANG_WARN_DIRECT_OBJC_ISA_USAGE = YES_ERROR;
				CLANG_WARN_DOCUMENTATION_COMMENTS = YES;
				CLANG_WARN_EMPTY_BODY = YES;
				CLANG_WARN_ENUM_CONVERSION = YES;
				CLANG_WARN_INFINITE_RECURSION = YES;
				CLANG_WARN_INT_CONVERSION = YES;
				CLANG_WARN_NON_LITERAL_NULL_CONVERSION = YES;
				CLANG_WARN_OBJC_IMPLICIT_RETAIN_SELF = YES;
				CLANG_WARN_OBJC_LITERAL_CONVERSION = YES;
				CLANG_WARN_OBJC_ROOT_CLASS = YES_ERROR;
				CLANG_WARN_QUOTED_INCLUDE_IN_FRAMEWORK_HEADER = YES;
				CLANG_WARN_RANGE_LOOP_ANALYSIS = YES;
				CLANG_WARN_STRICT_PROTOTYPES = YES;
				CLANG_WARN_SUSPICIOUS_MOVE = YES;
				CLANG_WARN_UNGUARDED_AVAILABILITY = YES_AGGRESSIVE;
				CLANG_WARN_UNREACHABLE_CODE = YES;
				CLANG_WARN__DUPLICATE_METHOD_MATCH = YES;
				COPY_PHASE_STRIP = NO;
				DEBUG_INFORMATION_FORMAT = "dwarf-with-dsym";
				ENABLE_NS_ASSERTIONS = NO;
				ENABLE_STRICT_OBJC_MSGSEND = YES;
				ENABLE_USER_SCRIPT_SANDBOXING = YES;
				GCC_C_LANGUAGE_STANDARD = gnu17;
				GCC_NO_COMMON_BLOCKS = YES;
				GCC_WARN_64_TO_32_BIT_CONVERSION = YES;
				GCC_WARN_ABOUT_RETURN_TYPE = YES_ERROR;
				GCC_WARN_UNDECLARED_SELECTOR = YES;
				GCC_WARN_UNINITIALIZED_AUTOS = YES_AGGRESSIVE;
				GCC_WARN_UNUSED_FUNCTION = YES;
				GCC_WARN_UNUSED_VARIABLE = YES;
				IPHONEOS_DEPLOYMENT_TARGET = 18.0;
				LOCALIZATION_PREFERS_STRING_CATALOGS = YES;
				MTL_ENABLE_DEBUG_INFO = NO;
				MTL_FAST_MATH = YES;
				SDKROOT = iphoneos;
				SWIFT_COMPILATION_MODE = wholemodule;
				VALIDATE_PRODUCT = YES;
			};
			name = Release;
		};
		84BC86F02CD003FA00FBDBE1 /* Debug */ = {
			isa = XCBuildConfiguration;
			buildSettings = {
				ASSETCATALOG_COMPILER_APPICON_NAME = AppIcon;
				ASSETCATALOG_COMPILER_GLOBAL_ACCENT_COLOR_NAME = AccentColor;
				CODE_SIGN_STYLE = Automatic;
				CURRENT_PROJECT_VERSION = 1;
				DEVELOPMENT_ASSET_PATHS = "\"Recipe_App/Preview Content\"";
				DEVELOPMENT_TEAM = TE487R478V;
				ENABLE_PREVIEWS = YES;
				GENERATE_INFOPLIST_FILE = YES;
				INFOPLIST_KEY_UIApplicationSceneManifest_Generation = YES;
				INFOPLIST_KEY_UIApplicationSupportsIndirectInputEvents = YES;
				INFOPLIST_KEY_UILaunchScreen_Generation = YES;
				INFOPLIST_KEY_UISupportedInterfaceOrientations_iPad = "UIInterfaceOrientationPortrait UIInterfaceOrientationPortraitUpsideDown UIInterfaceOrientationLandscapeLeft UIInterfaceOrientationLandscapeRight";
				INFOPLIST_KEY_UISupportedInterfaceOrientations_iPhone = "UIInterfaceOrientationPortrait UIInterfaceOrientationLandscapeLeft UIInterfaceOrientationLandscapeRight";
				LD_RUNPATH_SEARCH_PATHS = (
					"$(inherited)",
					"@executable_path/Frameworks",
				);
				MARKETING_VERSION = 1.0;
				PRODUCT_BUNDLE_IDENTIFIER = "com.pate1355.Recipe-App";
				PRODUCT_NAME = "$(TARGET_NAME)";
				SWIFT_EMIT_LOC_STRINGS = YES;
				SWIFT_VERSION = 5.0;
				TARGETED_DEVICE_FAMILY = "1,2";
			};
			name = Debug;
		};
		84BC86F12CD003FA00FBDBE1 /* Release */ = {
			isa = XCBuildConfiguration;
			buildSettings = {
				ASSETCATALOG_COMPILER_APPICON_NAME = AppIcon;
				ASSETCATALOG_COMPILER_GLOBAL_ACCENT_COLOR_NAME = AccentColor;
				CODE_SIGN_STYLE = Automatic;
				CURRENT_PROJECT_VERSION = 1;
				DEVELOPMENT_ASSET_PATHS = "\"Recipe_App/Preview Content\"";
				DEVELOPMENT_TEAM = TE487R478V;
				ENABLE_PREVIEWS = YES;
				GENERATE_INFOPLIST_FILE = YES;
				INFOPLIST_KEY_UIApplicationSceneManifest_Generation = YES;
				INFOPLIST_KEY_UIApplicationSupportsIndirectInputEvents = YES;
				INFOPLIST_KEY_UILaunchScreen_Generation = YES;
				INFOPLIST_KEY_UISupportedInterfaceOrientations_iPad = "UIInterfaceOrientationPortrait UIInterfaceOrientationPortraitUpsideDown UIInterfaceOrientationLandscapeLeft UIInterfaceOrientationLandscapeRight";
				INFOPLIST_KEY_UISupportedInterfaceOrientations_iPhone = "UIInterfaceOrientationPortrait UIInterfaceOrientationLandscapeLeft UIInterfaceOrientationLandscapeRight";
				LD_RUNPATH_SEARCH_PATHS = (
					"$(inherited)",
					"@executable_path/Frameworks",
				);
				MARKETING_VERSION = 1.0;
				PRODUCT_BUNDLE_IDENTIFIER = "com.pate1355.Recipe-App";
				PRODUCT_NAME = "$(TARGET_NAME)";
				SWIFT_EMIT_LOC_STRINGS = YES;
				SWIFT_VERSION = 5.0;
				TARGETED_DEVICE_FAMILY = "1,2";
			};
			name = Release;
		};
		84BC86F32CD003FA00FBDBE1 /* Debug */ = {
			isa = XCBuildConfiguration;
			buildSettings = {
				BUNDLE_LOADER = "$(TEST_HOST)";
				CODE_SIGN_STYLE = Automatic;
				CURRENT_PROJECT_VERSION = 1;
				DEVELOPMENT_TEAM = TE487R478V;
				GENERATE_INFOPLIST_FILE = YES;
				IPHONEOS_DEPLOYMENT_TARGET = 18.0;
				MARKETING_VERSION = 1.0;
				PRODUCT_BUNDLE_IDENTIFIER = "com.pate1355.Recipe-AppTests";
				PRODUCT_NAME = "$(TARGET_NAME)";
				SWIFT_EMIT_LOC_STRINGS = NO;
				SWIFT_VERSION = 5.0;
				TARGETED_DEVICE_FAMILY = "1,2";
				TEST_HOST = "$(BUILT_PRODUCTS_DIR)/Recipe_App.app/$(BUNDLE_EXECUTABLE_FOLDER_PATH)/Recipe_App";
			};
			name = Debug;
		};
		84BC86F42CD003FA00FBDBE1 /* Release */ = {
			isa = XCBuildConfiguration;
			buildSettings = {
				BUNDLE_LOADER = "$(TEST_HOST)";
				CODE_SIGN_STYLE = Automatic;
				CURRENT_PROJECT_VERSION = 1;
				DEVELOPMENT_TEAM = TE487R478V;
				GENERATE_INFOPLIST_FILE = YES;
				IPHONEOS_DEPLOYMENT_TARGET = 18.0;
				MARKETING_VERSION = 1.0;
				PRODUCT_BUNDLE_IDENTIFIER = "com.pate1355.Recipe-AppTests";
				PRODUCT_NAME = "$(TARGET_NAME)";
				SWIFT_EMIT_LOC_STRINGS = NO;
				SWIFT_VERSION = 5.0;
				TARGETED_DEVICE_FAMILY = "1,2";
				TEST_HOST = "$(BUILT_PRODUCTS_DIR)/Recipe_App.app/$(BUNDLE_EXECUTABLE_FOLDER_PATH)/Recipe_App";
			};
			name = Release;
		};
		84BC86F62CD003FA00FBDBE1 /* Debug */ = {
			isa = XCBuildConfiguration;
			buildSettings = {
				CODE_SIGN_STYLE = Automatic;
				CURRENT_PROJECT_VERSION = 1;
				DEVELOPMENT_TEAM = TE487R478V;
				GENERATE_INFOPLIST_FILE = YES;
				MARKETING_VERSION = 1.0;
				PRODUCT_BUNDLE_IDENTIFIER = "com.pate1355.Recipe-AppUITests";
				PRODUCT_NAME = "$(TARGET_NAME)";
				SWIFT_EMIT_LOC_STRINGS = NO;
				SWIFT_VERSION = 5.0;
				TARGETED_DEVICE_FAMILY = "1,2";
				TEST_TARGET_NAME = Recipe_App;
			};
			name = Debug;
		};
		84BC86F72CD003FA00FBDBE1 /* Release */ = {
			isa = XCBuildConfiguration;
			buildSettings = {
				CODE_SIGN_STYLE = Automatic;
				CURRENT_PROJECT_VERSION = 1;
				DEVELOPMENT_TEAM = TE487R478V;
				GENERATE_INFOPLIST_FILE = YES;
				MARKETING_VERSION = 1.0;
				PRODUCT_BUNDLE_IDENTIFIER = "com.pate1355.Recipe-AppUITests";
				PRODUCT_NAME = "$(TARGET_NAME)";
				SWIFT_EMIT_LOC_STRINGS = NO;
				SWIFT_VERSION = 5.0;
				TARGETED_DEVICE_FAMILY = "1,2";
				TEST_TARGET_NAME = Recipe_App;
			};
			name = Release;
		};
/* End XCBuildConfiguration section */

/* Begin XCConfigurationList section */
		84BC86C62CD003F900FBDBE1 /* Build configuration list for PBXProject "Recipe_App" */ = {
			isa = XCConfigurationList;
			buildConfigurations = (
				84BC86ED2CD003FA00FBDBE1 /* Debug */,
				84BC86EE2CD003FA00FBDBE1 /* Release */,
			);
			defaultConfigurationIsVisible = 0;
			defaultConfigurationName = Release;
		};
		84BC86EF2CD003FA00FBDBE1 /* Build configuration list for PBXNativeTarget "Recipe_App" */ = {
			isa = XCConfigurationList;
			buildConfigurations = (
				84BC86F02CD003FA00FBDBE1 /* Debug */,
				84BC86F12CD003FA00FBDBE1 /* Release */,
			);
			defaultConfigurationIsVisible = 0;
			defaultConfigurationName = Release;
		};
		84BC86F22CD003FA00FBDBE1 /* Build configuration list for PBXNativeTarget "Recipe_AppTests" */ = {
			isa = XCConfigurationList;
			buildConfigurations = (
				84BC86F32CD003FA00FBDBE1 /* Debug */,
				84BC86F42CD003FA00FBDBE1 /* Release */,
			);
			defaultConfigurationIsVisible = 0;
			defaultConfigurationName = Release;
		};
		84BC86F52CD003FA00FBDBE1 /* Build configuration list for PBXNativeTarget "Recipe_AppUITests" */ = {
			isa = XCConfigurationList;
			buildConfigurations = (
				84BC86F62CD003FA00FBDBE1 /* Debug */,
				84BC86F72CD003FA00FBDBE1 /* Release */,
			);
			defaultConfigurationIsVisible = 0;
			defaultConfigurationName = Release;
		};
/* End XCConfigurationList section */
	};
	rootObject = 84BC86C32CD003F900FBDBE1 /* Project object */;
}
